
Microsoft Visual Studio Solution File, Format Version 12.00
# Visual Studio Version 16
VisualStudioVersion = 16.0.32602.291
MinimumVisualStudioVersion = 10.0.40219.1
Project("{FAE04EC0-301F-11D3-BF4B-00C04F79EFBC}") = "pharmEasy", "pharmEasy\pharmEasy.csproj", "{4DA86295-9944-4E3C-A6FC-B2ED4DAC0CC7}"
EndProject
Global
	GlobalSection(SolutionConfigurationPlatforms) = preSolution
		Debug|Any CPU = Debug|Any CPU
		Release|Any CPU = Release|Any CPU
	EndGlobalSection
	GlobalSection(ProjectConfigurationPlatforms) = postSolution
		{4DA86295-9944-4E3C-A6FC-B2ED4DAC0CC7}.Debug|Any CPU.ActiveCfg = Debug|Any CPU
		{4DA86295-9944-4E3C-A6FC-B2ED4DAC0CC7}.Debug|Any CPU.Build.0 = Debug|Any CPU
		{4DA86295-9944-4E3C-A6FC-B2ED4DAC0CC7}.Release|Any CPU.ActiveCfg = Release|Any CPU
		{4DA86295-9944-4E3C-A6FC-B2ED4DAC0CC7}.Release|Any CPU.Build.0 = Release|Any CPU
	EndGlobalSection
	GlobalSection(SolutionProperties) = preSolution
		HideSolutionNode = FALSE
	EndGlobalSection
	GlobalSection(ExtensibilityGlobals) = postSolution
		SolutionGuid = {845FCEB3-15CE-47CE-9DBD-9D780E417265}
	EndGlobalSection
EndGlobal
